
Microsoft Visual Studio Solution File, Format Version 12.00
# Visual Studio Version 17
VisualStudioVersion = 17.6.33829.357
MinimumVisualStudioVersion = 10.0.40219.1
Project("{FAE04EC0-301F-11D3-BF4B-00C04F79EFBC}") = "MovieAppWithSerializer", "MovieAppWithSerializer.csproj", "{FC406C19-2F18-4994-91C0-AC4B715F4729}"
EndProject
Global
	GlobalSection(SolutionConfigurationPlatforms) = preSolution
		Debug|Any CPU = Debug|Any CPU
		Release|Any CPU = Release|Any CPU
	EndGlobalSection
	GlobalSection(ProjectConfigurationPlatforms) = postSolution
		{FC406C19-2F18-4994-91C0-AC4B715F4729}.Debug|Any CPU.ActiveCfg = Debug|Any CPU
		{FC406C19-2F18-4994-91C0-AC4B715F4729}.Debug|Any CPU.Build.0 = Debug|Any CPU
		{FC406C19-2F18-4994-91C0-AC4B715F4729}.Release|Any CPU.ActiveCfg = Release|Any CPU
		{FC406C19-2F18-4994-91C0-AC4B715F4729}.Release|Any CPU.Build.0 = Release|Any CPU
	EndGlobalSection
	GlobalSection(SolutionProperties) = preSolution
		HideSolutionNode = FALSE
	EndGlobalSection
	GlobalSection(ExtensibilityGlobals) = postSolution
		SolutionGuid = {C9B453DE-E311-4698-A563-BF66013F99B8}
	EndGlobalSection
EndGlobal
